
Microsoft Visual Studio Solution File, Format Version 12.00
# Visual Studio Version 17
VisualStudioVersion = 17.0.32112.339
MinimumVisualStudioVersion = 10.0.40219.1
Project("{FAE04EC0-301F-11D3-BF4B-00C04F79EFBC}") = "Notes.ApplicationCore", "Notes.ApplicationCore\Notes.ApplicationCore.csproj", "{B176A0C2-C4F6-4271-B2A2-D32F83992E7E}"
EndProject
Project("{FAE04EC0-301F-11D3-BF4B-00C04F79EFBC}") = "Notes.Infrastructure", "Notes.Infrastructure\Notes.Infrastructure.csproj", "{ED0699F4-F3FB-4484-A62E-7FE380D2FB7A}"
EndProject
Global
	GlobalSection(SolutionConfigurationPlatforms) = preSolution
		Debug|Any CPU = Debug|Any CPU
		Release|Any CPU = Release|Any CPU
	EndGlobalSection
	GlobalSection(ProjectConfigurationPlatforms) = postSolution
		{B176A0C2-C4F6-4271-B2A2-D32F83992E7E}.Debug|Any CPU.ActiveCfg = Debug|Any CPU
		{B176A0C2-C4F6-4271-B2A2-D32F83992E7E}.Debug|Any CPU.Build.0 = Debug|Any CPU
		{B176A0C2-C4F6-4271-B2A2-D32F83992E7E}.Release|Any CPU.ActiveCfg = Release|Any CPU
		{B176A0C2-C4F6-4271-B2A2-D32F83992E7E}.Release|Any CPU.Build.0 = Release|Any CPU
		{ED0699F4-F3FB-4484-A62E-7FE380D2FB7A}.Debug|Any CPU.ActiveCfg = Debug|Any CPU
		{ED0699F4-F3FB-4484-A62E-7FE380D2FB7A}.Debug|Any CPU.Build.0 = Debug|Any CPU
		{ED0699F4-F3FB-4484-A62E-7FE380D2FB7A}.Release|Any CPU.ActiveCfg = Release|Any CPU
		{ED0699F4-F3FB-4484-A62E-7FE380D2FB7A}.Release|Any CPU.Build.0 = Release|Any CPU
	EndGlobalSection
	GlobalSection(SolutionProperties) = preSolution
		HideSolutionNode = FALSE
	EndGlobalSection
	GlobalSection(ExtensibilityGlobals) = postSolution
		SolutionGuid = {58B55C90-0C72-4D4E-954A-11A0CD422524}
	EndGlobalSection
EndGlobal
